// !$*UTF8*$!
{
	archiveVersion = 1;
	classes = {
	};
	objectVersion = 55;
	objects = {

/* Begin PBXBuildFile section */
		791D745727E4FB4C009C3573 /* MyListViewModel.swift in Sources */ = {isa = PBXBuildFile; fileRef = 791D745627E4FB4C009C3573 /* MyListViewModel.swift */; };
		791D745927E4FF8E009C3573 /* MyListView.swift in Sources */ = {isa = PBXBuildFile; fileRef = 791D745827E4FF8E009C3573 /* MyListView.swift */; };
		791D745B27E5021E009C3573 /* MyListCellView.swift in Sources */ = {isa = PBXBuildFile; fileRef = 791D745A27E5021E009C3573 /* MyListCellView.swift */; };
		798B997727E4E14900317F5E /* CoreDataCloneAzamApp.swift in Sources */ = {isa = PBXBuildFile; fileRef = 798B997627E4E14900317F5E /* CoreDataCloneAzamApp.swift */; };
		798B997927E4E14900317F5E /* ContentView.swift in Sources */ = {isa = PBXBuildFile; fileRef = 798B997827E4E14900317F5E /* ContentView.swift */; };
		798B997B27E4E14A00317F5E /* Assets.xcassets in Resources */ = {isa = PBXBuildFile; fileRef = 798B997A27E4E14A00317F5E /* Assets.xcassets */; };
		798B997E27E4E14A00317F5E /* Preview Assets.xcassets in Resources */ = {isa = PBXBuildFile; fileRef = 798B997D27E4E14A00317F5E /* Preview Assets.xcassets */; };
		798B998727E4E22800317F5E /* RemindersModel.xcdatamodeld in Sources */ = {isa = PBXBuildFile; fileRef = 798B998527E4E22800317F5E /* RemindersModel.xcdatamodeld */; };
		798B998A27E4E2E400317F5E /* HomeView.swift in Sources */ = {isa = PBXBuildFile; fileRef = 798B998927E4E2E400317F5E /* HomeView.swift */; };
		798B998C27E4E3FE00317F5E /* AddTaskView.swift in Sources */ = {isa = PBXBuildFile; fileRef = 798B998B27E4E3FE00317F5E /* AddTaskView.swift */; };
		798B998F27E4E62000317F5E /* Constants.swift in Sources */ = {isa = PBXBuildFile; fileRef = 798B998E27E4E62000317F5E /* Constants.swift */; };
		798B999127E4E6B700317F5E /* ColorPickerView.swift in Sources */ = {isa = PBXBuildFile; fileRef = 798B999027E4E6B700317F5E /* ColorPickerView.swift */; };
		798B999427E4EA1500317F5E /* Color + Extension.swift in Sources */ = {isa = PBXBuildFile; fileRef = 798B999327E4EA1500317F5E /* Color + Extension.swift */; };
		798B999727E4EFF800317F5E /* HomeViewModel.swift in Sources */ = {isa = PBXBuildFile; fileRef = 798B999627E4EFF700317F5E /* HomeViewModel.swift */; };
		798B999A27E4F0A600317F5E /* CoreDataManager.swift in Sources */ = {isa = PBXBuildFile; fileRef = 798B999927E4F0A600317F5E /* CoreDataManager.swift */; };
		798B999F27E4F1F800317F5E /* MyList + Extension.swift in Sources */ = {isa = PBXBuildFile; fileRef = 798B999E27E4F1F800317F5E /* MyList + Extension.swift */; };
/* End PBXBuildFile section */

/* Begin PBXFileReference section */
		791D745627E4FB4C009C3573 /* MyListViewModel.swift */ = {isa = PBXFileReference; lastKnownFileType = sourcecode.swift; path = MyListViewModel.swift; sourceTree = "<group>"; };
		791D745827E4FF8E009C3573 /* MyListView.swift */ = {isa = PBXFileReference; lastKnownFileType = sourcecode.swift; path = MyListView.swift; sourceTree = "<group>"; };
		791D745A27E5021E009C3573 /* MyListCellView.swift */ = {isa = PBXFileReference; lastKnownFileType = sourcecode.swift; path = MyListCellView.swift; sourceTree = "<group>"; };
		798B997327E4E14900317F5E /* CoreDataCloneAzam.app */ = {isa = PBXFileReference; explicitFileType = wrapper.application; includeInIndex = 0; path = CoreDataCloneAzam.app; sourceTree = BUILT_PRODUCTS_DIR; };
		798B997627E4E14900317F5E /* CoreDataCloneAzamApp.swift */ = {isa = PBXFileReference; lastKnownFileType = sourcecode.swift; path = CoreDataCloneAzamApp.swift; sourceTree = "<group>"; };
		798B997827E4E14900317F5E /* ContentView.swift */ = {isa = PBXFileReference; lastKnownFileType = sourcecode.swift; path = ContentView.swift; sourceTree = "<group>"; };
		798B997A27E4E14A00317F5E /* Assets.xcassets */ = {isa = PBXFileReference; lastKnownFileType = folder.assetcatalog; path = Assets.xcassets; sourceTree = "<group>"; };
		798B997D27E4E14A00317F5E /* Preview Assets.xcassets */ = {isa = PBXFileReference; lastKnownFileType = folder.assetcatalog; path = "Preview Assets.xcassets"; sourceTree = "<group>"; };
		798B998627E4E22800317F5E /* RemindersModel.xcdatamodel */ = {isa = PBXFileReference; lastKnownFileType = wrapper.xcdatamodel; path = RemindersModel.xcdatamodel; sourceTree = "<group>"; };
		798B998927E4E2E400317F5E /* HomeView.swift */ = {isa = PBXFileReference; lastKnownFileType = sourcecode.swift; path = HomeView.swift; sourceTree = "<group>"; };
		798B998B27E4E3FE00317F5E /* AddTaskView.swift */ = {isa = PBXFileReference; lastKnownFileType = sourcecode.swift; path = AddTaskView.swift; sourceTree = "<group>"; };
		798B998E27E4E62000317F5E /* Constants.swift */ = {isa = PBXFileReference; lastKnownFileType = sourcecode.swift; path = Constants.swift; sourceTree = "<group>"; };
		798B999027E4E6B700317F5E /* ColorPickerView.swift */ = {isa = PBXFileReference; lastKnownFileType = sourcecode.swift; path = ColorPickerView.swift; sourceTree = "<group>"; };
		798B999327E4EA1500317F5E /* Color + Extension.swift */ = {isa = PBXFileReference; lastKnownFileType = sourcecode.swift; path = "Color + Extension.swift"; sourceTree = "<group>"; };
		798B999627E4EFF700317F5E /* HomeViewModel.swift */ = {isa = PBXFileReference; lastKnownFileType = sourcecode.swift; path = HomeViewModel.swift; sourceTree = "<group>"; };
		798B999927E4F0A600317F5E /* CoreDataManager.swift */ = {isa = PBXFileReference; lastKnownFileType = sourcecode.swift; path = CoreDataManager.swift; sourceTree = "<group>"; };
		798B999E27E4F1F800317F5E /* MyList + Extension.swift */ = {isa = PBXFileReference; lastKnownFileType = sourcecode.swift; path = "MyList + Extension.swift"; sourceTree = "<group>"; };
/* End PBXFileReference section */

/* Begin PBXFrameworksBuildPhase section */
		798B997027E4E14900317F5E /* Frameworks */ = {
			isa = PBXFrameworksBuildPhase;
			buildActionMask = 2147483647;
			files = (
			);
			runOnlyForDeploymentPostprocessing = 0;
		};
/* End PBXFrameworksBuildPhase section */

/* Begin PBXGroup section */
		798B996A27E4E14900317F5E = {
			isa = PBXGroup;
			children = (
				798B997527E4E14900317F5E /* CoreDataCloneAzam */,
				798B997427E4E14900317F5E /* Products */,
			);
			sourceTree = "<group>";
		};
		798B997427E4E14900317F5E /* Products */ = {
			isa = PBXGroup;
			children = (
				798B997327E4E14900317F5E /* CoreDataCloneAzam.app */,
			);
			name = Products;
			sourceTree = "<group>";
		};
		798B997527E4E14900317F5E /* CoreDataCloneAzam */ = {
			isa = PBXGroup;
			children = (
				798B999827E4F09D00317F5E /* Manager */,
				798B999527E4EFEC00317F5E /* ViewModel */,
				798B999227E4EA0800317F5E /* Extensions */,
				798B998D27E4E60A00317F5E /* Utilities */,
				798B998827E4E2DD00317F5E /* View */,
				798B998427E4E21600317F5E /* Shared */,
				798B997627E4E14900317F5E /* CoreDataCloneAzamApp.swift */,
				798B997827E4E14900317F5E /* ContentView.swift */,
				798B997A27E4E14A00317F5E /* Assets.xcassets */,
				798B997C27E4E14A00317F5E /* Preview Content */,
			);
			path = CoreDataCloneAzam;
			sourceTree = "<group>";
		};
		798B997C27E4E14A00317F5E /* Preview Content */ = {
			isa = PBXGroup;
			children = (
				798B997D27E4E14A00317F5E /* Preview Assets.xcassets */,
			);
			path = "Preview Content";
			sourceTree = "<group>";
		};
		798B998427E4E21600317F5E /* Shared */ = {
			isa = PBXGroup;
			children = (
				798B998527E4E22800317F5E /* RemindersModel.xcdatamodeld */,
			);
			path = Shared;
			sourceTree = "<group>";
		};
		798B998827E4E2DD00317F5E /* View */ = {
			isa = PBXGroup;
			children = (
				798B998927E4E2E400317F5E /* HomeView.swift */,
				798B998B27E4E3FE00317F5E /* AddTaskView.swift */,
				798B999027E4E6B700317F5E /* ColorPickerView.swift */,
				791D745827E4FF8E009C3573 /* MyListView.swift */,
				791D745A27E5021E009C3573 /* MyListCellView.swift */,
			);
			path = View;
			sourceTree = "<group>";
		};
		798B998D27E4E60A00317F5E /* Utilities */ = {
			isa = PBXGroup;
			children = (
				798B998E27E4E62000317F5E /* Constants.swift */,
			);
			path = Utilities;
			sourceTree = "<group>";
		};
		798B999227E4EA0800317F5E /* Extensions */ = {
			isa = PBXGroup;
			children = (
				798B999327E4EA1500317F5E /* Color + Extension.swift */,
				798B999E27E4F1F800317F5E /* MyList + Extension.swift */,
			);
			path = Extensions;
			sourceTree = "<group>";
		};
		798B999527E4EFEC00317F5E /* ViewModel */ = {
			isa = PBXGroup;
			children = (
				798B999627E4EFF700317F5E /* HomeViewModel.swift */,
				791D745627E4FB4C009C3573 /* MyListViewModel.swift */,
			);
			path = ViewModel;
			sourceTree = "<group>";
		};
		798B999827E4F09D00317F5E /* Manager */ = {
			isa = PBXGroup;
			children = (
				798B999927E4F0A600317F5E /* CoreDataManager.swift */,
			);
			path = Manager;
			sourceTree = "<group>";
		};
/* End PBXGroup section */

/* Begin PBXNativeTarget section */
		798B997227E4E14900317F5E /* CoreDataCloneAzam */ = {
			isa = PBXNativeTarget;
			buildConfigurationList = 798B998127E4E14A00317F5E /* Build configuration list for PBXNativeTarget "CoreDataCloneAzam" */;
			buildPhases = (
				798B996F27E4E14900317F5E /* Sources */,
				798B997027E4E14900317F5E /* Frameworks */,
				798B997127E4E14900317F5E /* Resources */,
			);
			buildRules = (
			);
			dependencies = (
			);
			name = CoreDataCloneAzam;
			productName = CoreDataCloneAzam;
			productReference = 798B997327E4E14900317F5E /* CoreDataCloneAzam.app */;
			productType = "com.apple.product-type.application";
		};
/* End PBXNativeTarget section */

/* Begin PBXProject section */
		798B996B27E4E14900317F5E /* Project object */ = {
			isa = PBXProject;
			attributes = {
				BuildIndependentTargetsInParallel = 1;
				LastSwiftUpdateCheck = 1330;
				LastUpgradeCheck = 1330;
				TargetAttributes = {
					798B997227E4E14900317F5E = {
						CreatedOnToolsVersion = 13.3;
					};
				};
			};
			buildConfigurationList = 798B996E27E4E14900317F5E /* Build configuration list for PBXProject "CoreDataCloneAzam" */;
			compatibilityVersion = "Xcode 13.0";
			developmentRegion = en;
			hasScannedForEncodings = 0;
			knownRegions = (
				en,
				Base,
			);
			mainGroup = 798B996A27E4E14900317F5E;
			productRefGroup = 798B997427E4E14900317F5E /* Products */;
			projectDirPath = "";
			projectRoot = "";
			targets = (
				798B997227E4E14900317F5E /* CoreDataCloneAzam */,
			);
		};
/* End PBXProject section */

/* Begin PBXResourcesBuildPhase section */
		798B997127E4E14900317F5E /* Resources */ = {
			isa = PBXResourcesBuildPhase;
			buildActionMask = 2147483647;
			files = (
				798B997E27E4E14A00317F5E /* Preview Assets.xcassets in Resources */,
				798B997B27E4E14A00317F5E /* Assets.xcassets in Resources */,
			);
			runOnlyForDeploymentPostprocessing = 0;
		};
/* End PBXResourcesBuildPhase section */

/* Begin PBXSourcesBuildPhase section */
		798B996F27E4E14900317F5E /* Sources */ = {
			isa = PBXSourcesBuildPhase;
			buildActionMask = 2147483647;
			files = (
				791D745B27E5021E009C3573 /* MyListCellView.swift in Sources */,
				798B997927E4E14900317F5E /* ContentView.swift in Sources */,
				798B999727E4EFF800317F5E /* HomeViewModel.swift in Sources */,
				798B998C27E4E3FE00317F5E /* AddTaskView.swift in Sources */,
				798B998A27E4E2E400317F5E /* HomeView.swift in Sources */,
				798B999F27E4F1F800317F5E /* MyList + Extension.swift in Sources */,
				798B999127E4E6B700317F5E /* ColorPickerView.swift in Sources */,
				791D745727E4FB4C009C3573 /* MyListViewModel.swift in Sources */,
				798B997727E4E14900317F5E /* CoreDataCloneAzamApp.swift in Sources */,
				798B998F27E4E62000317F5E /* Constants.swift in Sources */,
				798B998727E4E22800317F5E /* RemindersModel.xcdatamodeld in Sources */,
				798B999A27E4F0A600317F5E /* CoreDataManager.swift in Sources */,
				798B999427E4EA1500317F5E /* Color + Extension.swift in Sources */,
				791D745927E4FF8E009C3573 /* MyListView.swift in Sources */,
			);
			runOnlyForDeploymentPostprocessing = 0;
		};
/* End PBXSourcesBuildPhase section */

/* Begin XCBuildConfiguration section */
		798B997F27E4E14A00317F5E /* Debug */ = {
			isa = XCBuildConfiguration;
			buildSettings = {
				ALWAYS_SEARCH_USER_PATHS = NO;
				CLANG_ANALYZER_NONNULL = YES;
				CLANG_ANALYZER_NUMBER_OBJECT_CONVERSION = YES_AGGRESSIVE;
				CLANG_CXX_LANGUAGE_STANDARD = "gnu++17";
				CLANG_ENABLE_MODULES = YES;
				CLANG_ENABLE_OBJC_ARC = YES;
				CLANG_ENABLE_OBJC_WEAK = YES;
				CLANG_WARN_BLOCK_CAPTURE_AUTORELEASING = YES;
				CLANG_WARN_BOOL_CONVERSION = YES;
				CLANG_WARN_COMMA = YES;
				CLANG_WARN_CONSTANT_CONVERSION = YES;
				CLANG_WARN_DEPRECATED_OBJC_IMPLEMENTATIONS = YES;
				CLANG_WARN_DIRECT_OBJC_ISA_USAGE = YES_ERROR;
				CLANG_WARN_DOCUMENTATION_COMMENTS = YES;
				CLANG_WARN_EMPTY_BODY = YES;
				CLANG_WARN_ENUM_CONVERSION = YES;
				CLANG_WARN_INFINITE_RECURSION = YES;
				CLANG_WARN_INT_CONVERSION = YES;
				CLANG_WARN_NON_LITERAL_NULL_CONVERSION = YES;
				CLANG_WARN_OBJC_IMPLICIT_RETAIN_SELF = YES;
				CLANG_WARN_OBJC_LITERAL_CONVERSION = YES;
				CLANG_WARN_OBJC_ROOT_CLASS = YES_ERROR;
				CLANG_WARN_QUOTED_INCLUDE_IN_FRAMEWORK_HEADER = YES;
				CLANG_WARN_RANGE_LOOP_ANALYSIS = YES;
				CLANG_WARN_STRICT_PROTOTYPES = YES;
				CLANG_WARN_SUSPICIOUS_MOVE = YES;
				CLANG_WARN_UNGUARDED_AVAILABILITY = YES_AGGRESSIVE;
				CLANG_WARN_UNREACHABLE_CODE = YES;
				CLANG_WARN__DUPLICATE_METHOD_MATCH = YES;
				COPY_PHASE_STRIP = NO;
				DEBUG_INFORMATION_FORMAT = dwarf;
				ENABLE_STRICT_OBJC_MSGSEND = YES;
				ENABLE_TESTABILITY = YES;
				GCC_C_LANGUAGE_STANDARD = gnu11;
				GCC_DYNAMIC_NO_PIC = NO;
				GCC_NO_COMMON_BLOCKS = YES;
				GCC_OPTIMIZATION_LEVEL = 0;
				GCC_PREPROCESSOR_DEFINITIONS = (
					"DEBUG=1",
					"$(inherited)",
				);
				GCC_WARN_64_TO_32_BIT_CONVERSION = YES;
				GCC_WARN_ABOUT_RETURN_TYPE = YES_ERROR;
				GCC_WARN_UNDECLARED_SELECTOR = YES;
				GCC_WARN_UNINITIALIZED_AUTOS = YES_AGGRESSIVE;
				GCC_WARN_UNUSED_FUNCTION = YES;
				GCC_WARN_UNUSED_VARIABLE = YES;
				IPHONEOS_DEPLOYMENT_TARGET = 15.4;
				MTL_ENABLE_DEBUG_INFO = INCLUDE_SOURCE;
				MTL_FAST_MATH = YES;
				ONLY_ACTIVE_ARCH = YES;
				SDKROOT = iphoneos;
				SWIFT_ACTIVE_COMPILATION_CONDITIONS = DEBUG;
				SWIFT_OPTIMIZATION_LEVEL = "-Onone";
			};
			name = Debug;
		};
		798B998027E4E14A00317F5E /* Release */ = {
			isa = XCBuildConfiguration;
			buildSettings = {
				ALWAYS_SEARCH_USER_PATHS = NO;
				CLANG_ANALYZER_NONNULL = YES;
				CLANG_ANALYZER_NUMBER_OBJECT_CONVERSION = YES_AGGRESSIVE;
				CLANG_CXX_LANGUAGE_STANDARD = "gnu++17";
				CLANG_ENABLE_MODULES = YES;
				CLANG_ENABLE_OBJC_ARC = YES;
				CLANG_ENABLE_OBJC_WEAK = YES;
				CLANG_WARN_BLOCK_CAPTURE_AUTORELEASING = YES;
				CLANG_WARN_BOOL_CONVERSION = YES;
				CLANG_WARN_COMMA = YES;
				CLANG_WARN_CONSTANT_CONVERSION = YES;
				CLANG_WARN_DEPRECATED_OBJC_IMPLEMENTATIONS = YES;
				CLANG_WARN_DIRECT_OBJC_ISA_USAGE = YES_ERROR;
				CLANG_WARN_DOCUMENTATION_COMMENTS = YES;
				CLANG_WARN_EMPTY_BODY = YES;
				CLANG_WARN_ENUM_CONVERSION = YES;
				CLANG_WARN_INFINITE_RECURSION = YES;
				CLANG_WARN_INT_CONVERSION = YES;
				CLANG_WARN_NON_LITERAL_NULL_CONVERSION = YES;
				CLANG_WARN_OBJC_IMPLICIT_RETAIN_SELF = YES;
				CLANG_WARN_OBJC_LITERAL_CONVERSION = YES;
				CLANG_WARN_OBJC_ROOT_CLASS = YES_ERROR;
				CLANG_WARN_QUOTED_INCLUDE_IN_FRAMEWORK_HEADER = YES;
				CLANG_WARN_RANGE_LOOP_ANALYSIS = YES;
				CLANG_WARN_STRICT_PROTOTYPES = YES;
				CLANG_WARN_SUSPICIOUS_MOVE = YES;
				CLANG_WARN_UNGUARDED_AVAILABILITY = YES_AGGRESSIVE;
				CLANG_WARN_UNREACHABLE_CODE = YES;
				CLANG_WARN__DUPLICATE_METHOD_MATCH = YES;
				COPY_PHASE_STRIP = NO;
				DEBUG_INFORMATION_FORMAT = "dwarf-with-dsym";
				ENABLE_NS_ASSERTIONS = NO;
				ENABLE_STRICT_OBJC_MSGSEND = YES;
				GCC_C_LANGUAGE_STANDARD = gnu11;
				GCC_NO_COMMON_BLOCKS = YES;
				GCC_WARN_64_TO_32_BIT_CONVERSION = YES;
				GCC_WARN_ABOUT_RETURN_TYPE = YES_ERROR;
				GCC_WARN_UNDECLARED_SELECTOR = YES;
				GCC_WARN_UNINITIALIZED_AUTOS = YES_AGGRESSIVE;
				GCC_WARN_UNUSED_FUNCTION = YES;
				GCC_WARN_UNUSED_VARIABLE = YES;
				IPHONEOS_DEPLOYMENT_TARGET = 15.4;
				MTL_ENABLE_DEBUG_INFO = NO;
				MTL_FAST_MATH = YES;
				SDKROOT = iphoneos;
				SWIFT_COMPILATION_MODE = wholemodule;
				SWIFT_OPTIMIZATION_LEVEL = "-O";
				VALIDATE_PRODUCT = YES;
			};
			name = Release;
		};
		798B998227E4E14A00317F5E /* Debug */ = {
			isa = XCBuildConfiguration;
			buildSettings = {
				ASSETCATALOG_COMPILER_APPICON_NAME = AppIcon;
				ASSETCATALOG_COMPILER_GLOBAL_ACCENT_COLOR_NAME = AccentColor;
				CODE_SIGN_STYLE = Automatic;
				CURRENT_PROJECT_VERSION = 1;
				DEVELOPMENT_ASSET_PATHS = "\"CoreDataCloneAzam/Preview Content\"";
				DEVELOPMENT_TEAM = SRJSV34WBB;
				ENABLE_PREVIEWS = YES;
				GENERATE_INFOPLIST_FILE = YES;
				INFOPLIST_KEY_UIApplicationSceneManifest_Generation = YES;
				INFOPLIST_KEY_UIApplicationSupportsIndirectInputEvents = YES;
				INFOPLIST_KEY_UILaunchScreen_Generation = YES;
				INFOPLIST_KEY_UISupportedInterfaceOrientations_iPad = "UIInterfaceOrientationPortrait UIInterfaceOrientationPortraitUpsideDown UIInterfaceOrientationLandscapeLeft UIInterfaceOrientationLandscapeRight";
				INFOPLIST_KEY_UISupportedInterfaceOrientations_iPhone = "UIInterfaceOrientationPortrait UIInterfaceOrientationLandscapeLeft UIInterfaceOrientationLandscapeRight";
				LD_RUNPATH_SEARCH_PATHS = (
					"$(inherited)",
					"@executable_path/Frameworks",
				);
				MARKETING_VERSION = 1.0;
				PRODUCT_BUNDLE_IDENTIFIER = devleeky16498.CoreDataCloneAzam;
				PRODUCT_NAME = "$(TARGET_NAME)";
				SWIFT_EMIT_LOC_STRINGS = YES;
				SWIFT_VERSION = 5.0;
				TARGETED_DEVICE_FAMILY = "1,2";
			};
			name = Debug;
		};
		798B998327E4E14A00317F5E /* Release */ = {
			isa = XCBuildConfiguration;
			buildSettings = {
				ASSETCATALOG_COMPILER_APPICON_NAME = AppIcon;
				ASSETCATALOG_COMPILER_GLOBAL_ACCENT_COLOR_NAME = AccentColor;
				CODE_SIGN_STYLE = Automatic;
				CURRENT_PROJECT_VERSION = 1;
				DEVELOPMENT_ASSET_PATHS = "\"CoreDataCloneAzam/Preview Content\"";
				DEVELOPMENT_TEAM = SRJSV34WBB;
				ENABLE_PREVIEWS = YES;
				GENERATE_INFOPLIST_FILE = YES;
				INFOPLIST_KEY_UIApplicationSceneManifest_Generation = YES;
				INFOPLIST_KEY_UIApplicationSupportsIndirectInputEvents = YES;
				INFOPLIST_KEY_UILaunchScreen_Generation = YES;
				INFOPLIST_KEY_UISupportedInterfaceOrientations_iPad = "UIInterfaceOrientationPortrait UIInterfaceOrientationPortraitUpsideDown UIInterfaceOrientationLandscapeLeft UIInterfaceOrientationLandscapeRight";
				INFOPLIST_KEY_UISupportedInterfaceOrientations_iPhone = "UIInterfaceOrientationPortrait UIInterfaceOrientationLandscapeLeft UIInterfaceOrientationLandscapeRight";
				LD_RUNPATH_SEARCH_PATHS = (
					"$(inherited)",
					"@executable_path/Frameworks",
				);
				MARKETING_VERSION = 1.0;
				PRODUCT_BUNDLE_IDENTIFIER = devleeky16498.CoreDataCloneAzam;
				PRODUCT_NAME = "$(TARGET_NAME)";
				SWIFT_EMIT_LOC_STRINGS = YES;
				SWIFT_VERSION = 5.0;
				TARGETED_DEVICE_FAMILY = "1,2";
			};
			name = Release;
		};
/* End XCBuildConfiguration section */

/* Begin XCConfigurationList section */
		798B996E27E4E14900317F5E /* Build configuration list for PBXProject "CoreDataCloneAzam" */ = {
			isa = XCConfigurationList;
			buildConfigurations = (
				798B997F27E4E14A00317F5E /* Debug */,
				798B998027E4E14A00317F5E /* Release */,
			);
			defaultConfigurationIsVisible = 0;
			defaultConfigurationName = Release;
		};
		798B998127E4E14A00317F5E /* Build configuration list for PBXNativeTarget "CoreDataCloneAzam" */ = {
			isa = XCConfigurationList;
			buildConfigurations = (
				798B998227E4E14A00317F5E /* Debug */,
				798B998327E4E14A00317F5E /* Release */,
			);
			defaultConfigurationIsVisible = 0;
			defaultConfigurationName = Release;
		};
/* End XCConfigurationList section */

/* Begin XCVersionGroup section */
		798B998527E4E22800317F5E /* RemindersModel.xcdatamodeld */ = {
			isa = XCVersionGroup;
			children = (
				798B998627E4E22800317F5E /* RemindersModel.xcdatamodel */,
			);
			currentVersion = 798B998627E4E22800317F5E /* RemindersModel.xcdatamodel */;
			path = RemindersModel.xcdatamodeld;
			sourceTree = "<group>";
			versionGroupType = wrapper.xcdatamodel;
		};
/* End XCVersionGroup section */
	};
	rootObject = 798B996B27E4E14900317F5E /* Project object */;
}
